
Microsoft Visual Studio Solution File, Format Version 12.00
# Visual Studio Version 16
VisualStudioVersion = 16.0.32630.194
MinimumVisualStudioVersion = 10.0.40219.1
Project("{FAE04EC0-301F-11D3-BF4B-00C04F79EFBC}") = "InvoiceSystem", "InvoiceSystem.csproj", "{0EE249D1-0401-4A5A-A754-F20693CBE39B}"
EndProject
Project("{FAE04EC0-301F-11D3-BF4B-00C04F79EFBC}") = "InvoiceMainDemo", "..\InvoiceMainDemo\InvoiceMainDemo.csproj", "{0B38418B-2C81-45CF-865A-A0FD66F57D39}"
EndProject
Project("{FAE04EC0-301F-11D3-BF4B-00C04F79EFBC}") = "DataConnect", "..\DataConnect\DataConnect.csproj", "{17BBFCA2-D0F3-4FDF-98F6-FCEFB3B29E71}"
EndProject
Project("{FAE04EC0-301F-11D3-BF4B-00C04F79EFBC}") = "MiddleTire", "..\MiddleTire\MiddleTire.csproj", "{EE557717-EF20-4325-AAFC-368C9EF9A9A1}"
EndProject
Global
	GlobalSection(SolutionConfigurationPlatforms) = preSolution
		Debug|Any CPU = Debug|Any CPU
		Release|Any CPU = Release|Any CPU
	EndGlobalSection
	GlobalSection(ProjectConfigurationPlatforms) = postSolution
		{0EE249D1-0401-4A5A-A754-F20693CBE39B}.Debug|Any CPU.ActiveCfg = Debug|Any CPU
		{0EE249D1-0401-4A5A-A754-F20693CBE39B}.Debug|Any CPU.Build.0 = Debug|Any CPU
		{0EE249D1-0401-4A5A-A754-F20693CBE39B}.Release|Any CPU.ActiveCfg = Release|Any CPU
		{0EE249D1-0401-4A5A-A754-F20693CBE39B}.Release|Any CPU.Build.0 = Release|Any CPU
		{0B38418B-2C81-45CF-865A-A0FD66F57D39}.Debug|Any CPU.ActiveCfg = Debug|Any CPU
		{0B38418B-2C81-45CF-865A-A0FD66F57D39}.Debug|Any CPU.Build.0 = Debug|Any CPU
		{0B38418B-2C81-45CF-865A-A0FD66F57D39}.Release|Any CPU.ActiveCfg = Release|Any CPU
		{0B38418B-2C81-45CF-865A-A0FD66F57D39}.Release|Any CPU.Build.0 = Release|Any CPU
		{17BBFCA2-D0F3-4FDF-98F6-FCEFB3B29E71}.Debug|Any CPU.ActiveCfg = Debug|Any CPU
		{17BBFCA2-D0F3-4FDF-98F6-FCEFB3B29E71}.Debug|Any CPU.Build.0 = Debug|Any CPU
		{17BBFCA2-D0F3-4FDF-98F6-FCEFB3B29E71}.Release|Any CPU.ActiveCfg = Release|Any CPU
		{17BBFCA2-D0F3-4FDF-98F6-FCEFB3B29E71}.Release|Any CPU.Build.0 = Release|Any CPU
		{EE557717-EF20-4325-AAFC-368C9EF9A9A1}.Debug|Any CPU.ActiveCfg = Debug|Any CPU
		{EE557717-EF20-4325-AAFC-368C9EF9A9A1}.Debug|Any CPU.Build.0 = Debug|Any CPU
		{EE557717-EF20-4325-AAFC-368C9EF9A9A1}.Release|Any CPU.ActiveCfg = Release|Any CPU
		{EE557717-EF20-4325-AAFC-368C9EF9A9A1}.Release|Any CPU.Build.0 = Release|Any CPU
	EndGlobalSection
	GlobalSection(SolutionProperties) = preSolution
		HideSolutionNode = FALSE
	EndGlobalSection
	GlobalSection(ExtensibilityGlobals) = postSolution
		SolutionGuid = {31712FFF-7653-4D45-8CBB-D6CCA8FE7854}
	EndGlobalSection
EndGlobal
